
Microsoft Visual Studio Solution File, Format Version 12.00
# Visual Studio Version 17
VisualStudioVersion = 17.5.33516.290
MinimumVisualStudioVersion = 10.0.40219.1
Project("{9A19103F-16F7-4668-BE54-9A1E7A4F7556}") = "Entities", "Entities\Entities.csproj", "{EA75A2D5-D7C3-4586-998A-C03EEBA5C71D}"
EndProject
Project("{9A19103F-16F7-4668-BE54-9A1E7A4F7556}") = "DataAccess", "DataAccess\DataAccess.csproj", "{9423A3F7-3794-4A92-9F54-E84FE6366329}"
EndProject
Project("{9A19103F-16F7-4668-BE54-9A1E7A4F7556}") = "Business", "Business\Business.csproj", "{48BD4278-ECBE-4B4B-8DE2-B2182EF48961}"
EndProject
Project("{9A19103F-16F7-4668-BE54-9A1E7A4F7556}") = "Console", "Console\Console.csproj", "{5B0BB103-BB37-4077-BD55-8CFD24DC7AAA}"
EndProject
Project("{FAE04EC0-301F-11D3-BF4B-00C04F79EFBC}") = "Core", "Core\Core.csproj", "{6DBFC506-4588-40C3-88FD-F58C24677503}"
EndProject
Global
	GlobalSection(SolutionConfigurationPlatforms) = preSolution
		Debug|Any CPU = Debug|Any CPU
		Release|Any CPU = Release|Any CPU
	EndGlobalSection
	GlobalSection(ProjectConfigurationPlatforms) = postSolution
		{EA75A2D5-D7C3-4586-998A-C03EEBA5C71D}.Debug|Any CPU.ActiveCfg = Debug|Any CPU
		{EA75A2D5-D7C3-4586-998A-C03EEBA5C71D}.Debug|Any CPU.Build.0 = Debug|Any CPU
		{EA75A2D5-D7C3-4586-998A-C03EEBA5C71D}.Release|Any CPU.ActiveCfg = Release|Any CPU
		{EA75A2D5-D7C3-4586-998A-C03EEBA5C71D}.Release|Any CPU.Build.0 = Release|Any CPU
		{9423A3F7-3794-4A92-9F54-E84FE6366329}.Debug|Any CPU.ActiveCfg = Debug|Any CPU
		{9423A3F7-3794-4A92-9F54-E84FE6366329}.Debug|Any CPU.Build.0 = Debug|Any CPU
		{9423A3F7-3794-4A92-9F54-E84FE6366329}.Release|Any CPU.ActiveCfg = Release|Any CPU
		{9423A3F7-3794-4A92-9F54-E84FE6366329}.Release|Any CPU.Build.0 = Release|Any CPU
		{48BD4278-ECBE-4B4B-8DE2-B2182EF48961}.Debug|Any CPU.ActiveCfg = Debug|Any CPU
		{48BD4278-ECBE-4B4B-8DE2-B2182EF48961}.Debug|Any CPU.Build.0 = Debug|Any CPU
		{48BD4278-ECBE-4B4B-8DE2-B2182EF48961}.Release|Any CPU.ActiveCfg = Release|Any CPU
		{48BD4278-ECBE-4B4B-8DE2-B2182EF48961}.Release|Any CPU.Build.0 = Release|Any CPU
		{5B0BB103-BB37-4077-BD55-8CFD24DC7AAA}.Debug|Any CPU.ActiveCfg = Debug|Any CPU
		{5B0BB103-BB37-4077-BD55-8CFD24DC7AAA}.Debug|Any CPU.Build.0 = Debug|Any CPU
		{5B0BB103-BB37-4077-BD55-8CFD24DC7AAA}.Release|Any CPU.ActiveCfg = Release|Any CPU
		{5B0BB103-BB37-4077-BD55-8CFD24DC7AAA}.Release|Any CPU.Build.0 = Release|Any CPU
		{6DBFC506-4588-40C3-88FD-F58C24677503}.Debug|Any CPU.ActiveCfg = Debug|Any CPU
		{6DBFC506-4588-40C3-88FD-F58C24677503}.Debug|Any CPU.Build.0 = Debug|Any CPU
		{6DBFC506-4588-40C3-88FD-F58C24677503}.Release|Any CPU.ActiveCfg = Release|Any CPU
		{6DBFC506-4588-40C3-88FD-F58C24677503}.Release|Any CPU.Build.0 = Release|Any CPU
	EndGlobalSection
	GlobalSection(SolutionProperties) = preSolution
		HideSolutionNode = FALSE
	EndGlobalSection
	GlobalSection(ExtensibilityGlobals) = postSolution
		SolutionGuid = {B4291A9A-315C-4C84-9564-B2927FD760AD}
	EndGlobalSection
EndGlobal
